
Microsoft Visual Studio Solution File, Format Version 12.00
# Visual Studio Version 17
VisualStudioVersion = 17.13.35931.197
MinimumVisualStudioVersion = 10.0.40219.1
Project("{2150E333-8FDC-42A3-9474-1A3956D46DE8}") = "Shared", "Shared", "{02EA681E-C7D8-13C7-8484-4AC65E1B71E8}"
EndProject
Project("{FAE04EC0-301F-11D3-BF4B-00C04F79EFBC}") = "Class_library", "Class_library\Class_library.csproj", "{9137B792-6E70-4518-87D6-A24FD835790F}"
EndProject
Project("{2150E333-8FDC-42A3-9474-1A3956D46DE8}") = "OPPConcepts", "OPPConcepts", "{487B2E78-729B-40BE-833C-AEA1921814E1}"
EndProject
Project("{FAE04EC0-301F-11D3-BF4B-00C04F79EFBC}") = "DatePOO", "DatePOO\DatePOO.csproj", "{AE7F1639-A8C7-4833-91FA-4D7AEF5D242B}"
EndProject
Project("{FAE04EC0-301F-11D3-BF4B-00C04F79EFBC}") = "OOPConcepts.UI", "OOPConcepts.UI\OOPConcepts.UI.csproj", "{C1832FD3-68C6-4DE4-AB19-115E454CCCAC}"
EndProject
Project("{2150E333-8FDC-42A3-9474-1A3956D46DE8}") = "01.EmployeePOO", "01.EmployeePOO", "{B89B98A3-BE33-424E-8AA4-3E87740588FD}"
EndProject
Project("{FAE04EC0-301F-11D3-BF4B-00C04F79EFBC}") = "OOP.employee", "OOP.employee\OOP.employee.csproj", "{5D3C09BC-BCF9-460C-A897-7734157B16EA}"
EndProject
Global
	GlobalSection(SolutionConfigurationPlatforms) = preSolution
		Debug|Any CPU = Debug|Any CPU
		Release|Any CPU = Release|Any CPU
	EndGlobalSection
	GlobalSection(ProjectConfigurationPlatforms) = postSolution
		{9137B792-6E70-4518-87D6-A24FD835790F}.Debug|Any CPU.ActiveCfg = Debug|Any CPU
		{9137B792-6E70-4518-87D6-A24FD835790F}.Debug|Any CPU.Build.0 = Debug|Any CPU
		{9137B792-6E70-4518-87D6-A24FD835790F}.Release|Any CPU.ActiveCfg = Release|Any CPU
		{9137B792-6E70-4518-87D6-A24FD835790F}.Release|Any CPU.Build.0 = Release|Any CPU
		{AE7F1639-A8C7-4833-91FA-4D7AEF5D242B}.Debug|Any CPU.ActiveCfg = Debug|Any CPU
		{AE7F1639-A8C7-4833-91FA-4D7AEF5D242B}.Debug|Any CPU.Build.0 = Debug|Any CPU
		{AE7F1639-A8C7-4833-91FA-4D7AEF5D242B}.Release|Any CPU.ActiveCfg = Release|Any CPU
		{AE7F1639-A8C7-4833-91FA-4D7AEF5D242B}.Release|Any CPU.Build.0 = Release|Any CPU
		{C1832FD3-68C6-4DE4-AB19-115E454CCCAC}.Debug|Any CPU.ActiveCfg = Debug|Any CPU
		{C1832FD3-68C6-4DE4-AB19-115E454CCCAC}.Debug|Any CPU.Build.0 = Debug|Any CPU
		{C1832FD3-68C6-4DE4-AB19-115E454CCCAC}.Release|Any CPU.ActiveCfg = Release|Any CPU
		{C1832FD3-68C6-4DE4-AB19-115E454CCCAC}.Release|Any CPU.Build.0 = Release|Any CPU
		{5D3C09BC-BCF9-460C-A897-7734157B16EA}.Debug|Any CPU.ActiveCfg = Debug|Any CPU
		{5D3C09BC-BCF9-460C-A897-7734157B16EA}.Debug|Any CPU.Build.0 = Debug|Any CPU
		{5D3C09BC-BCF9-460C-A897-7734157B16EA}.Release|Any CPU.ActiveCfg = Release|Any CPU
		{5D3C09BC-BCF9-460C-A897-7734157B16EA}.Release|Any CPU.Build.0 = Release|Any CPU
	EndGlobalSection
	GlobalSection(SolutionProperties) = preSolution
		HideSolutionNode = FALSE
	EndGlobalSection
	GlobalSection(NestedProjects) = preSolution
		{9137B792-6E70-4518-87D6-A24FD835790F} = {02EA681E-C7D8-13C7-8484-4AC65E1B71E8}
		{AE7F1639-A8C7-4833-91FA-4D7AEF5D242B} = {487B2E78-729B-40BE-833C-AEA1921814E1}
		{C1832FD3-68C6-4DE4-AB19-115E454CCCAC} = {487B2E78-729B-40BE-833C-AEA1921814E1}
		{5D3C09BC-BCF9-460C-A897-7734157B16EA} = {B89B98A3-BE33-424E-8AA4-3E87740588FD}
	EndGlobalSection
	GlobalSection(ExtensibilityGlobals) = postSolution
		SolutionGuid = {517A8BF4-BD02-4FA4-820A-C80639261306}
	EndGlobalSection
EndGlobal
